
Microsoft Visual Studio Solution File, Format Version 12.00
# Visual Studio Version 16
VisualStudioVersion = 16.0.29521.150
MinimumVisualStudioVersion = 10.0.40219.1
Project("{FAE04EC0-301F-11D3-BF4B-00C04F79EFBC}") = "CleanWaterHealth.Service", "CleanWaterHealth.Service\CleanWaterHealth.Service.csproj", "{DDDDB56F-129E-4FA6-AFA3-6F7B312E5AD7}"
EndProject
Global
	GlobalSection(SolutionConfigurationPlatforms) = preSolution
		Debug|Any CPU = Debug|Any CPU
		Release|Any CPU = Release|Any CPU
	EndGlobalSection
	GlobalSection(ProjectConfigurationPlatforms) = postSolution
		{DDDDB56F-129E-4FA6-AFA3-6F7B312E5AD7}.Debug|Any CPU.ActiveCfg = Debug|Any CPU
		{DDDDB56F-129E-4FA6-AFA3-6F7B312E5AD7}.Debug|Any CPU.Build.0 = Debug|Any CPU
		{DDDDB56F-129E-4FA6-AFA3-6F7B312E5AD7}.Release|Any CPU.ActiveCfg = Release|Any CPU
		{DDDDB56F-129E-4FA6-AFA3-6F7B312E5AD7}.Release|Any CPU.Build.0 = Release|Any CPU
	EndGlobalSection
	GlobalSection(SolutionProperties) = preSolution
		HideSolutionNode = FALSE
	EndGlobalSection
	GlobalSection(ExtensibilityGlobals) = postSolution
		SolutionGuid = {A7194C49-FAA8-41C7-9882-7B6308255561}
	EndGlobalSection
EndGlobal
